{
  "lockfileVersion": 1,
  "configVersion": 0,
  "workspaces": {
    "": {
      "name": "anthelion",
      "dependencies": {
        "@std/fs": "npm:@jsr/std__fs@1.0.20",
        "@std/semver": "npm:@jsr/std__semver@1.0.7",
        "ansis": "4.2.0",
        "dot-prop": "10.1.0",
        "es-toolkit": "1.42.0",
        "ky": "1.14.1",
        "octokit": "5.0.5",
        "temporal-polyfill": "0.3.0",
        "zod": "4.1.13",
      },
      "devDependencies": {
        "@types/bun": "1.3.4",
        "@types/node": "25.0.1",
        "oxfmt": "0.17.0",
        "oxlint": "1.32.0",
        "oxlint-tsgolint": "0.8.6",
      },
    },
  },
  "packages": {
    "@jsr/std__internal": ["@jsr/std__internal@1.0.12", "https://npm.jsr.io/~/11/@jsr/std__internal/1.0.12.tgz", {}, "sha512-6xReMW9p+paJgqoFRpOE2nogJFvzPfaLHLIlyADYjKMUcwDyjKZxryIbgcU+gxiTygn8yCjld1HoI0ET4/iZeA=="],

    "@jsr/std__path": ["@jsr/std__path@1.1.3", "https://npm.jsr.io/~/11/@jsr/std__path/1.1.3.tgz", { "dependencies": { "@jsr/std__internal": "^1.0.12" } }, "sha512-7HAc3nOGizbIunNCUQ4mrF7XY/SpAEIlq5pBR0sOzkcLB7520baEqnOmXTFiIUTp/umKE5ArEegMM1F39N51Rg=="],

    "@octokit/app": ["@octokit/app@16.1.2", "", { "dependencies": { "@octokit/auth-app": "^8.1.2", "@octokit/auth-unauthenticated": "^7.0.3", "@octokit/core": "^7.0.6", "@octokit/oauth-app": "^8.0.3", "@octokit/plugin-paginate-rest": "^14.0.0", "@octokit/types": "^16.0.0", "@octokit/webhooks": "^14.0.0" } }, "sha512-8j7sEpUYVj18dxvh0KWj6W/l6uAiVRBl1JBDVRqH1VHKAO/G5eRVl4yEoYACjakWers1DjUkcCHyJNQK47JqyQ=="],

    "@octokit/auth-app": ["@octokit/auth-app@8.1.2", "", { "dependencies": { "@octokit/auth-oauth-app": "^9.0.3", "@octokit/auth-oauth-user": "^6.0.2", "@octokit/request": "^10.0.6", "@octokit/request-error": "^7.0.2", "@octokit/types": "^16.0.0", "toad-cache": "^3.7.0", "universal-github-app-jwt": "^2.2.0", "universal-user-agent": "^7.0.0" } }, "sha512-db8VO0PqXxfzI6GdjtgEFHY9tzqUql5xMFXYA12juq8TeTgPAuiiP3zid4h50lwlIP457p5+56PnJOgd2GGBuw=="],

    "@octokit/auth-oauth-app": ["@octokit/auth-oauth-app@9.0.2", "", { "dependencies": { "@octokit/auth-oauth-device": "^8.0.2", "@octokit/auth-oauth-user": "^6.0.1", "@octokit/request": "^10.0.5", "@octokit/types": "^15.0.0", "universal-user-agent": "^7.0.0" } }, "sha512-vmjSHeuHuM+OxZLzOuoYkcY3OPZ8erJ5lfswdTmm+4XiAKB5PmCk70bA1is4uwSl/APhRVAv4KHsgevWfEKIPQ=="],

    "@octokit/auth-oauth-device": ["@octokit/auth-oauth-device@8.0.2", "", { "dependencies": { "@octokit/oauth-methods": "^6.0.1", "@octokit/request": "^10.0.5", "@octokit/types": "^15.0.0", "universal-user-agent": "^7.0.0" } }, "sha512-KW7Ywrz7ei7JX+uClWD2DN1259fnkoKuVdhzfpQ3/GdETaCj4Tx0IjvuJrwhP/04OhcMu5yR6tjni0V6LBihdw=="],

    "@octokit/auth-oauth-user": ["@octokit/auth-oauth-user@6.0.1", "", { "dependencies": { "@octokit/auth-oauth-device": "^8.0.2", "@octokit/oauth-methods": "^6.0.1", "@octokit/request": "^10.0.5", "@octokit/types": "^15.0.0", "universal-user-agent": "^7.0.0" } }, "sha512-vlKsL1KUUPvwXpv574zvmRd+/4JiDFXABIZNM39+S+5j2kODzGgjk7w5WtiQ1x24kRKNaE7v9DShNbw43UA3Hw=="],

    "@octokit/auth-token": ["@octokit/auth-token@6.0.0", "", {}, "sha512-P4YJBPdPSpWTQ1NU4XYdvHvXJJDxM6YwpS0FZHRgP7YFkdVxsWcpWGy/NVqlAA7PcPCnMacXlRm1y2PFZRWL/w=="],

    "@octokit/auth-unauthenticated": ["@octokit/auth-unauthenticated@7.0.3", "", { "dependencies": { "@octokit/request-error": "^7.0.2", "@octokit/types": "^16.0.0" } }, "sha512-8Jb1mtUdmBHL7lGmop9mU9ArMRUTRhg8vp0T1VtZ4yd9vEm3zcLwmjQkhNEduKawOOORie61xhtYIhTDN+ZQ3g=="],

    "@octokit/core": ["@octokit/core@7.0.6", "", { "dependencies": { "@octokit/auth-token": "^6.0.0", "@octokit/graphql": "^9.0.3", "@octokit/request": "^10.0.6", "@octokit/request-error": "^7.0.2", "@octokit/types": "^16.0.0", "before-after-hook": "^4.0.0", "universal-user-agent": "^7.0.0" } }, "sha512-DhGl4xMVFGVIyMwswXeyzdL4uXD5OGILGX5N8Y+f6W7LhC1Ze2poSNrkF/fedpVDHEEZ+PHFW0vL14I+mm8K3Q=="],

    "@octokit/endpoint": ["@octokit/endpoint@11.0.2", "", { "dependencies": { "@octokit/types": "^16.0.0", "universal-user-agent": "^7.0.2" } }, "sha512-4zCpzP1fWc7QlqunZ5bSEjxc6yLAlRTnDwKtgXfcI/FxxGoqedDG8V2+xJ60bV2kODqcGB+nATdtap/XYq2NZQ=="],

    "@octokit/graphql": ["@octokit/graphql@9.0.3", "", { "dependencies": { "@octokit/request": "^10.0.6", "@octokit/types": "^16.0.0", "universal-user-agent": "^7.0.0" } }, "sha512-grAEuupr/C1rALFnXTv6ZQhFuL1D8G5y8CN04RgrO4FIPMrtm+mcZzFG7dcBm+nq+1ppNixu+Jd78aeJOYxlGA=="],

    "@octokit/oauth-app": ["@octokit/oauth-app@8.0.3", "", { "dependencies": { "@octokit/auth-oauth-app": "^9.0.2", "@octokit/auth-oauth-user": "^6.0.1", "@octokit/auth-unauthenticated": "^7.0.2", "@octokit/core": "^7.0.5", "@octokit/oauth-authorization-url": "^8.0.0", "@octokit/oauth-methods": "^6.0.1", "@types/aws-lambda": "^8.10.83", "universal-user-agent": "^7.0.0" } }, "sha512-jnAjvTsPepyUaMu9e69hYBuozEPgYqP4Z3UnpmvoIzHDpf8EXDGvTY1l1jK0RsZ194oRd+k6Hm13oRU8EoDFwg=="],

    "@octokit/oauth-authorization-url": ["@octokit/oauth-authorization-url@8.0.0", "", {}, "sha512-7QoLPRh/ssEA/HuHBHdVdSgF8xNLz/Bc5m9fZkArJE5bb6NmVkDm3anKxXPmN1zh6b5WKZPRr3697xKT/yM3qQ=="],

    "@octokit/oauth-methods": ["@octokit/oauth-methods@6.0.1", "", { "dependencies": { "@octokit/oauth-authorization-url": "^8.0.0", "@octokit/request": "^10.0.5", "@octokit/request-error": "^7.0.1", "@octokit/types": "^15.0.0" } }, "sha512-xi6Iut3izMCFzXBJtxxJehxJmAKjE8iwj6L5+raPRwlTNKAbOOBJX7/Z8AF5apD4aXvc2skwIdOnC+CQ4QuA8Q=="],

    "@octokit/openapi-types": ["@octokit/openapi-types@27.0.0", "", {}, "sha512-whrdktVs1h6gtR+09+QsNk2+FO+49j6ga1c55YZudfEG+oKJVvJLQi3zkOm5JjiUXAagWK2tI2kTGKJ2Ys7MGA=="],

    "@octokit/openapi-webhooks-types": ["@octokit/openapi-webhooks-types@12.0.3", "", {}, "sha512-90MF5LVHjBedwoHyJsgmaFhEN1uzXyBDRLEBe7jlTYx/fEhPAk3P3DAJsfZwC54m8hAIryosJOL+UuZHB3K3yA=="],

    "@octokit/plugin-paginate-graphql": ["@octokit/plugin-paginate-graphql@6.0.0", "", { "peerDependencies": { "@octokit/core": ">=6" } }, "sha512-crfpnIoFiBtRkvPqOyLOsw12XsveYuY2ieP6uYDosoUegBJpSVxGwut9sxUgFFcll3VTOTqpUf8yGd8x1OmAkQ=="],

    "@octokit/plugin-paginate-rest": ["@octokit/plugin-paginate-rest@14.0.0", "", { "dependencies": { "@octokit/types": "^16.0.0" }, "peerDependencies": { "@octokit/core": ">=6" } }, "sha512-fNVRE7ufJiAA3XUrha2omTA39M6IXIc6GIZLvlbsm8QOQCYvpq/LkMNGyFlB1d8hTDzsAXa3OKtybdMAYsV/fw=="],

    "@octokit/plugin-rest-endpoint-methods": ["@octokit/plugin-rest-endpoint-methods@17.0.0", "", { "dependencies": { "@octokit/types": "^16.0.0" }, "peerDependencies": { "@octokit/core": ">=6" } }, "sha512-B5yCyIlOJFPqUUeiD0cnBJwWJO8lkJs5d8+ze9QDP6SvfiXSz1BF+91+0MeI1d2yxgOhU/O+CvtiZ9jSkHhFAw=="],

    "@octokit/plugin-retry": ["@octokit/plugin-retry@8.0.3", "", { "dependencies": { "@octokit/request-error": "^7.0.2", "@octokit/types": "^16.0.0", "bottleneck": "^2.15.3" }, "peerDependencies": { "@octokit/core": ">=7" } }, "sha512-vKGx1i3MC0za53IzYBSBXcrhmd+daQDzuZfYDd52X5S0M2otf3kVZTVP8bLA3EkU0lTvd1WEC2OlNNa4G+dohA=="],

    "@octokit/plugin-throttling": ["@octokit/plugin-throttling@11.0.3", "", { "dependencies": { "@octokit/types": "^16.0.0", "bottleneck": "^2.15.3" }, "peerDependencies": { "@octokit/core": "^7.0.0" } }, "sha512-34eE0RkFCKycLl2D2kq7W+LovheM/ex3AwZCYN8udpi6bxsyjZidb2McXs69hZhLmJlDqTSP8cH+jSRpiaijBg=="],

    "@octokit/request": ["@octokit/request@10.0.6", "", { "dependencies": { "@octokit/endpoint": "^11.0.2", "@octokit/request-error": "^7.0.2", "@octokit/types": "^16.0.0", "fast-content-type-parse": "^3.0.0", "universal-user-agent": "^7.0.2" } }, "sha512-FO+UgZCUu+pPnZAR+iKdUt64kPE7QW7ciqpldaMXaNzixz5Jld8dJ31LAUewk0cfSRkNSRKyqG438ba9c/qDlQ=="],

    "@octokit/request-error": ["@octokit/request-error@7.0.2", "", { "dependencies": { "@octokit/types": "^16.0.0" } }, "sha512-U8piOROoQQUyExw5c6dTkU3GKxts5/ERRThIauNL7yaRoeXW0q/5bgHWT7JfWBw1UyrbK8ERId2wVkcB32n0uQ=="],

    "@octokit/types": ["@octokit/types@16.0.0", "", { "dependencies": { "@octokit/openapi-types": "^27.0.0" } }, "sha512-sKq+9r1Mm4efXW1FCk7hFSeJo4QKreL/tTbR0rz/qx/r1Oa2VV83LTA/H/MuCOX7uCIJmQVRKBcbmWoySjAnSg=="],

    "@octokit/webhooks": ["@octokit/webhooks@14.1.3", "", { "dependencies": { "@octokit/openapi-webhooks-types": "12.0.3", "@octokit/request-error": "^7.0.0", "@octokit/webhooks-methods": "^6.0.0" } }, "sha512-gcK4FNaROM9NjA0mvyfXl0KPusk7a1BeA8ITlYEZVQCXF5gcETTd4yhAU0Kjzd8mXwYHppzJBWgdBVpIR9wUcQ=="],

    "@octokit/webhooks-methods": ["@octokit/webhooks-methods@6.0.0", "", {}, "sha512-MFlzzoDJVw/GcbfzVC1RLR36QqkTLUf79vLVO3D+xn7r0QgxnFoLZgtrzxiQErAjFUOdH6fas2KeQJ1yr/qaXQ=="],

    "@oxfmt/darwin-arm64": ["@oxfmt/darwin-arm64@0.17.0", "", { "os": "darwin", "cpu": "arm64" }, "sha512-OMv0tOb+xiwSZKjYbM6TwMSP5QwFJlBGQmEsk98QJ30sHhdyC//0UvGKuR0KZuzZW4E0+k0rHDmos1Z5DmBEkA=="],

    "@oxfmt/darwin-x64": ["@oxfmt/darwin-x64@0.17.0", "", { "os": "darwin", "cpu": "x64" }, "sha512-trzidyzryKIdL/cLCYU9IwprgJegVBUrz1rqzOMe5is+qdgH/RxTCvhYUNFzxRHpil3g4QUYd2Ja831tc5Nehg=="],

    "@oxfmt/linux-arm64-gnu": ["@oxfmt/linux-arm64-gnu@0.17.0", "", { "os": "linux", "cpu": "arm64" }, "sha512-KlwzidgvHznbUaaglZT1goTS30osTV553pfbKve9B1PyTDkluNDfm/polOaf3SVLN7wL/NNLFZRMupvJ1eJXAw=="],

    "@oxfmt/linux-arm64-musl": ["@oxfmt/linux-arm64-musl@0.17.0", "", { "os": "linux", "cpu": "arm64" }, "sha512-+tbYJTocF4BNLaQQbc/xrBWTNgiU6zmYeF4NvRDxuuQjDOnmUZPn0EED3PZBRJyg4/YllhplHDo8x+gfcb9G3A=="],

    "@oxfmt/linux-x64-gnu": ["@oxfmt/linux-x64-gnu@0.17.0", "", { "os": "linux", "cpu": "x64" }, "sha512-pEmv7zJIw2HpnA4Tn1xrfJNGi2wOH2+usT14Pkvf/c5DdB+pOir6k/5jzfe70+V3nEtmtV9Lm+spndN/y6+X7A=="],

    "@oxfmt/linux-x64-musl": ["@oxfmt/linux-x64-musl@0.17.0", "", { "os": "linux", "cpu": "x64" }, "sha512-+DrFSCZWyFdtEAWR5xIBTV8GX0RA9iB+y7ZlJPRAXrNG8TdBY9vc7/MIGolIgrkMPK4mGMn07YG/qEyPY+iKaw=="],

    "@oxfmt/win32-arm64": ["@oxfmt/win32-arm64@0.17.0", "", { "os": "win32", "cpu": "arm64" }, "sha512-FoUZRR7mVpTYIaY/qz2BYwzqMnL+HsUxmMWAIy6nl29UEkDgxNygULJ4rIGY4/Axne41fhtldLrSGBOpwNm3jA=="],

    "@oxfmt/win32-x64": ["@oxfmt/win32-x64@0.17.0", "", { "os": "win32", "cpu": "x64" }, "sha512-fBIcUpHmCwf3leWlo0cYwLb9Pd2mzxQlZYJX9dD9nylPvsxOnsy9fmsaflpj34O0JbQJN3Y0SRkoaCcHHlxFww=="],

    "@oxlint-tsgolint/darwin-arm64": ["@oxlint-tsgolint/darwin-arm64@0.8.6", "", { "os": "darwin", "cpu": "arm64" }, "sha512-khvQiNpPVNkyz6vmN50v5j1X6r9anRDXy3htDBpObx4V5bp33BK94onh46e91GTEbBevmeUG/Zm/U3+np4gehw=="],

    "@oxlint-tsgolint/darwin-x64": ["@oxlint-tsgolint/darwin-x64@0.8.6", "", { "os": "darwin", "cpu": "x64" }, "sha512-AardvXBLB0m05BGcubXTqWSpNv2aD68QyY7BB/u2AqKzMoEtvzSB710FL06vOTPpaVpl3GvSVHCFw2juo35lTQ=="],

    "@oxlint-tsgolint/linux-arm64": ["@oxlint-tsgolint/linux-arm64@0.8.6", "", { "os": "linux", "cpu": "arm64" }, "sha512-oSgMIilQBUVSOGdWIm4/5GJV4QmqwBQYpsGtRUpTAd3BZTWVuo40//n/ogJFnlCVd+i4yhsGLtwexd/7YlJ9sw=="],

    "@oxlint-tsgolint/linux-x64": ["@oxlint-tsgolint/linux-x64@0.8.6", "", { "os": "linux", "cpu": "x64" }, "sha512-EhR2TejCW5gBPEs6ASgfFFgdveHvpKOHQC2zbO3HoFT/xNU0DvYbEsScKM8SUDWFMQlHU67A7bynNGRY2kFSSg=="],

    "@oxlint-tsgolint/win32-arm64": ["@oxlint-tsgolint/win32-arm64@0.8.6", "", { "os": "win32", "cpu": "arm64" }, "sha512-PQeV8YitT2HR/uJV8ugERIpA4WHDem7i5TuPtgYrp7wvKS98G9ILpnPgATrOup/VdBMIzCDl02c23z4+I5NSTw=="],

    "@oxlint-tsgolint/win32-x64": ["@oxlint-tsgolint/win32-x64@0.8.6", "", { "os": "win32", "cpu": "x64" }, "sha512-JDlyJSOnJXahee9xL55gT02kmQGSP0hR/5OP5asXvr7q6dj9t4skltcwYiA+D4HthF04oaW1F0+6pJnNTfDE0w=="],

    "@oxlint/darwin-arm64": ["@oxlint/darwin-arm64@1.32.0", "", { "os": "darwin", "cpu": "arm64" }, "sha512-yrqPmZYu5Qb+49h0P5EXVIq8VxYkDDM6ZQrWzlh16+UGFcD8HOXs4oF3g9RyfaoAbShLCXooSQsM/Ifwx8E/eQ=="],

    "@oxlint/darwin-x64": ["@oxlint/darwin-x64@1.32.0", "", { "os": "darwin", "cpu": "x64" }, "sha512-pQRZrJG/2nAKc3IuocFbaFFbTDlQsjz2WfivRsMn0hw65EEsSuM84WMFMiAfLpTGyTICeUtHZLHlrM5lzVr36A=="],

    "@oxlint/linux-arm64-gnu": ["@oxlint/linux-arm64-gnu@1.32.0", "", { "os": "linux", "cpu": "arm64" }, "sha512-tyomSmU2DzwcTmbaWFmStHgVfRmJDDvqcIvcw4fRB1YlL2Qg/XaM4NJ0m2bdTap38gxD5FSxSgCo0DkQ8GTolg=="],

    "@oxlint/linux-arm64-musl": ["@oxlint/linux-arm64-musl@1.32.0", "", { "os": "linux", "cpu": "arm64" }, "sha512-0W46dRMaf71OGE4+Rd+GHfS1uF/UODl5Mef6871pMhN7opPGfTI2fKJxh9VzRhXeSYXW/Z1EuCq9yCfmIJq+5Q=="],

    "@oxlint/linux-x64-gnu": ["@oxlint/linux-x64-gnu@1.32.0", "", { "os": "linux", "cpu": "x64" }, "sha512-5+6myVCBOMvM62rDB9T3CARXUvIwhGqte6E+HoKRwYaqsxGUZ4bh3pItSgSFwHjLGPrvADS11qJUkk39eQQBzQ=="],

    "@oxlint/linux-x64-musl": ["@oxlint/linux-x64-musl@1.32.0", "", { "os": "linux", "cpu": "x64" }, "sha512-qwQlwYYgVIC6ScjpUwiKKNyVdUlJckrfwPVpIjC9mvglIQeIjKuuyaDxUZWIOc/rEzeCV/tW6tcbehLkfEzqsw=="],

    "@oxlint/win32-arm64": ["@oxlint/win32-arm64@1.32.0", "", { "os": "win32", "cpu": "arm64" }, "sha512-7qYZF9CiXGtdv8Z/fBkgB5idD2Zokht67I5DKWH0fZS/2R232sDqW2JpWVkXltk0+9yFvmvJ0ouJgQRl9M3S2g=="],

    "@oxlint/win32-x64": ["@oxlint/win32-x64@1.32.0", "", { "os": "win32", "cpu": "x64" }, "sha512-XW1xqCj34MEGJlHteqasTZ/LmBrwYIgluhNW0aP+XWkn90+stKAq3W/40dvJKbMK9F7o09LPCuMVtUW7FIUuiA=="],

    "@std/fs": ["@jsr/std__fs@1.0.20", "https://npm.jsr.io/~/11/@jsr/std__fs/1.0.20.tgz", { "dependencies": { "@jsr/std__internal": "^1.0.12", "@jsr/std__path": "^1.1.3" } }, "sha512-wBw/Y+EfWVgZq6qlqD8M84q0kSuPwLmjnXy97KGfdrkorvzTZCs5AbHElsed/Yi90PuH39tvNhLCHeRGObUwPA=="],

    "@std/semver": ["@jsr/std__semver@1.0.7", "https://npm.jsr.io/~/11/@jsr/std__semver/1.0.7.tgz", {}, "sha512-/WpDSNegE6lI50L1+VnItLkuuQlZK8e8QbxrjV1sH+3YqiH+sQ/Tx3yYvewkKVVSwcidQUlqSIHSPrhay1zLCg=="],

    "@types/aws-lambda": ["@types/aws-lambda@8.10.152", "", {}, "sha512-soT/c2gYBnT5ygwiHPmd9a1bftj462NWVk2tKCc1PYHSIacB2UwbTS2zYG4jzag1mRDuzg/OjtxQjQ2NKRB6Rw=="],

    "@types/bun": ["@types/bun@1.3.4", "", { "dependencies": { "bun-types": "1.3.4" } }, "sha512-EEPTKXHP+zKGPkhRLv+HI0UEX8/o+65hqARxLy8Ov5rIxMBPNTjeZww00CIihrIQGEQBYg+0roO5qOnS/7boGA=="],

    "@types/node": ["@types/node@25.0.1", "", { "dependencies": { "undici-types": "~7.16.0" } }, "sha512-czWPzKIAXucn9PtsttxmumiQ9N0ok9FrBwgRWrwmVLlp86BrMExzvXRLFYRJ+Ex3g6yqj+KuaxfX1JTgV2lpfg=="],

    "ansis": ["ansis@4.2.0", "", {}, "sha512-HqZ5rWlFjGiV0tDm3UxxgNRqsOTniqoKZu0pIAfh7TZQMGuZK+hH0drySty0si0QXj1ieop4+SkSfPZBPPkHig=="],

    "before-after-hook": ["before-after-hook@4.0.0", "", {}, "sha512-q6tR3RPqIB1pMiTRMFcZwuG5T8vwp+vUvEG0vuI6B+Rikh5BfPp2fQ82c925FOs+b0lcFQ8CFrL+KbilfZFhOQ=="],

    "bottleneck": ["bottleneck@2.19.5", "", {}, "sha512-VHiNCbI1lKdl44tGrhNfU3lup0Tj/ZBMJB5/2ZbNXRCPuRCO7ed2mgcK4r17y+KB2EfuYuRaVlwNbAeaWGSpbw=="],

    "bun-types": ["bun-types@1.3.4", "", { "dependencies": { "@types/node": "*" } }, "sha512-5ua817+BZPZOlNaRgGBpZJOSAQ9RQ17pkwPD0yR7CfJg+r8DgIILByFifDTa+IPDDxzf5VNhtNlcKqFzDgJvlQ=="],

    "dot-prop": ["dot-prop@10.1.0", "", { "dependencies": { "type-fest": "^5.0.0" } }, "sha512-MVUtAugQMOff5RnBy2d9N31iG0lNwg1qAoAOn7pOK5wf94WIaE3My2p3uwTQuvS2AcqchkcR3bHByjaM0mmi7Q=="],

    "es-toolkit": ["es-toolkit@1.42.0", "", {}, "sha512-SLHIyY7VfDJBM8clz4+T2oquwTQxEzu263AyhVK4jREOAwJ+8eebaa4wM3nlvnAqhDrMm2EsA6hWHaQsMPQ1nA=="],

    "fast-content-type-parse": ["fast-content-type-parse@3.0.0", "", {}, "sha512-ZvLdcY8P+N8mGQJahJV5G4U88CSvT1rP8ApL6uETe88MBXrBHAkZlSEySdUlyztF7ccb+Znos3TFqaepHxdhBg=="],

    "ky": ["ky@1.14.1", "", {}, "sha512-hYje4L9JCmpEQBtudo+v52X5X8tgWXUYyPcxKSuxQNboqufecl9VMWjGiucAFH060AwPXHZuH+WB2rrqfkmafw=="],

    "octokit": ["octokit@5.0.5", "", { "dependencies": { "@octokit/app": "^16.1.2", "@octokit/core": "^7.0.6", "@octokit/oauth-app": "^8.0.3", "@octokit/plugin-paginate-graphql": "^6.0.0", "@octokit/plugin-paginate-rest": "^14.0.0", "@octokit/plugin-rest-endpoint-methods": "^17.0.0", "@octokit/plugin-retry": "^8.0.3", "@octokit/plugin-throttling": "^11.0.3", "@octokit/request-error": "^7.0.2", "@octokit/types": "^16.0.0", "@octokit/webhooks": "^14.0.0" } }, "sha512-4+/OFSqOjoyULo7eN7EA97DE0Xydj/PW5aIckxqQIoFjFwqXKuFCvXUJObyJfBF9Khu4RL/jlDRI9FPaMGfPnw=="],

    "oxfmt": ["oxfmt@0.17.0", "", { "optionalDependencies": { "@oxfmt/darwin-arm64": "0.17.0", "@oxfmt/darwin-x64": "0.17.0", "@oxfmt/linux-arm64-gnu": "0.17.0", "@oxfmt/linux-arm64-musl": "0.17.0", "@oxfmt/linux-x64-gnu": "0.17.0", "@oxfmt/linux-x64-musl": "0.17.0", "@oxfmt/win32-arm64": "0.17.0", "@oxfmt/win32-x64": "0.17.0" }, "bin": { "oxfmt": "bin/oxfmt" } }, "sha512-12Rmq2ub61rUZ3Pqnsvmo99rRQ6hQJwQsjnFnbvXYLMrlIsWT6SFVsrjAkBBrkXXSHv8ePIpKQ0nZph5KDrOqw=="],

    "oxlint": ["oxlint@1.32.0", "", { "optionalDependencies": { "@oxlint/darwin-arm64": "1.32.0", "@oxlint/darwin-x64": "1.32.0", "@oxlint/linux-arm64-gnu": "1.32.0", "@oxlint/linux-arm64-musl": "1.32.0", "@oxlint/linux-x64-gnu": "1.32.0", "@oxlint/linux-x64-musl": "1.32.0", "@oxlint/win32-arm64": "1.32.0", "@oxlint/win32-x64": "1.32.0" }, "peerDependencies": { "oxlint-tsgolint": ">=0.8.1" }, "optionalPeers": ["oxlint-tsgolint"], "bin": { "oxlint": "bin/oxlint", "oxc_language_server": "bin/oxc_language_server" } }, "sha512-HYDQCga7flsdyLMUIxTgSnEx5KBxpP9VINB8NgO+UjV80xBiTQXyVsvjtneMT3ZBLMbL0SlG/Dm03XQAsEshMA=="],

    "oxlint-tsgolint": ["oxlint-tsgolint@0.8.6", "", { "optionalDependencies": { "@oxlint-tsgolint/darwin-arm64": "0.8.6", "@oxlint-tsgolint/darwin-x64": "0.8.6", "@oxlint-tsgolint/linux-arm64": "0.8.6", "@oxlint-tsgolint/linux-x64": "0.8.6", "@oxlint-tsgolint/win32-arm64": "0.8.6", "@oxlint-tsgolint/win32-x64": "0.8.6" }, "bin": { "tsgolint": "bin/tsgolint.js" } }, "sha512-DC9rqwFyEb5RlxOjvXdqaqxM5PwK01002oh/fcdC05mNPiI04d6CPWtReHqX6Ig1dc5LYuVeh3wuPrrp6WTjtw=="],

    "tagged-tag": ["tagged-tag@1.0.0", "", {}, "sha512-yEFYrVhod+hdNyx7g5Bnkkb0G6si8HJurOoOEgC8B/O0uXLHlaey/65KRv6cuWBNhBgHKAROVpc7QyYqE5gFng=="],

    "temporal-polyfill": ["temporal-polyfill@0.3.0", "", { "dependencies": { "temporal-spec": "0.3.0" } }, "sha512-qNsTkX9K8hi+FHDfHmf22e/OGuXmfBm9RqNismxBrnSmZVJKegQ+HYYXT+R7Ha8F/YSm2Y34vmzD4cxMu2u95g=="],

    "temporal-spec": ["temporal-spec@0.3.0", "", {}, "sha512-n+noVpIqz4hYgFSMOSiINNOUOMFtV5cZQNCmmszA6GiVFVRt3G7AqVyhXjhCSmowvQn+NsGn+jMDMKJYHd3bSQ=="],

    "toad-cache": ["toad-cache@3.7.0", "", {}, "sha512-/m8M+2BJUpoJdgAHoG+baCwBT+tf2VraSfkBgl0Y00qIWt41DJ8R5B8nsEw0I58YwF5IZH6z24/2TobDKnqSWw=="],

    "type-fest": ["type-fest@5.0.0", "", { "dependencies": { "tagged-tag": "^1.0.0" } }, "sha512-GeJop7+u7BYlQ6yQCAY1nBQiRSHR+6OdCEtd8Bwp9a3NK3+fWAVjOaPKJDteB9f6cIJ0wt4IfnScjLG450EpXA=="],

    "undici-types": ["undici-types@7.16.0", "", {}, "sha512-Zz+aZWSj8LE6zoxD+xrjh4VfkIG8Ya6LvYkZqtUQGJPZjYl53ypCaUwWqo7eI0x66KBGeRo+mlBEkMSeSZ38Nw=="],

    "universal-github-app-jwt": ["universal-github-app-jwt@2.2.2", "", {}, "sha512-dcmbeSrOdTnsjGjUfAlqNDJrhxXizjAz94ija9Qw8YkZ1uu0d+GoZzyH+Jb9tIIqvGsadUfwg+22k5aDqqwzbw=="],

    "universal-user-agent": ["universal-user-agent@7.0.3", "", {}, "sha512-TmnEAEAsBJVZM/AADELsK76llnwcf9vMKuPz8JflO1frO8Lchitr0fNaN9d+Ap0BjKtqWqd/J17qeDnXh8CL2A=="],

    "zod": ["zod@4.1.13", "", {}, "sha512-AvvthqfqrAhNH9dnfmrfKzX5upOdjUVJYFqNSlkmGf64gRaTzlPwz99IHYnVs28qYAybvAlBV+H7pn0saFY4Ig=="],

    "@octokit/auth-app/@octokit/auth-oauth-app": ["@octokit/auth-oauth-app@9.0.3", "", { "dependencies": { "@octokit/auth-oauth-device": "^8.0.3", "@octokit/auth-oauth-user": "^6.0.2", "@octokit/request": "^10.0.6", "@octokit/types": "^16.0.0", "universal-user-agent": "^7.0.0" } }, "sha512-+yoFQquaF8OxJSxTb7rnytBIC2ZLbLqA/yb71I4ZXT9+Slw4TziV9j/kyGhUFRRTF2+7WlnIWsePZCWHs+OGjg=="],

    "@octokit/auth-app/@octokit/auth-oauth-user": ["@octokit/auth-oauth-user@6.0.2", "", { "dependencies": { "@octokit/auth-oauth-device": "^8.0.3", "@octokit/oauth-methods": "^6.0.2", "@octokit/request": "^10.0.6", "@octokit/types": "^16.0.0", "universal-user-agent": "^7.0.0" } }, "sha512-qLoPPc6E6GJoz3XeDG/pnDhJpTkODTGG4kY0/Py154i/I003O9NazkrwJwRuzgCalhzyIeWQ+6MDvkUmKXjg/A=="],

    "@octokit/auth-oauth-app/@octokit/request": ["@octokit/request@10.0.5", "", { "dependencies": { "@octokit/endpoint": "^11.0.1", "@octokit/request-error": "^7.0.1", "@octokit/types": "^15.0.0", "fast-content-type-parse": "^3.0.0", "universal-user-agent": "^7.0.2" } }, "sha512-TXnouHIYLtgDhKo+N6mXATnDBkV05VwbR0TtMWpgTHIoQdRQfCSzmy/LGqR1AbRMbijq/EckC/E3/ZNcU92NaQ=="],

    "@octokit/auth-oauth-app/@octokit/types": ["@octokit/types@15.0.0", "", { "dependencies": { "@octokit/openapi-types": "^26.0.0" } }, "sha512-8o6yDfmoGJUIeR9OfYU0/TUJTnMPG2r68+1yEdUeG2Fdqpj8Qetg0ziKIgcBm0RW/j29H41WP37CYCEhp6GoHQ=="],

    "@octokit/auth-oauth-device/@octokit/request": ["@octokit/request@10.0.5", "", { "dependencies": { "@octokit/endpoint": "^11.0.1", "@octokit/request-error": "^7.0.1", "@octokit/types": "^15.0.0", "fast-content-type-parse": "^3.0.0", "universal-user-agent": "^7.0.2" } }, "sha512-TXnouHIYLtgDhKo+N6mXATnDBkV05VwbR0TtMWpgTHIoQdRQfCSzmy/LGqR1AbRMbijq/EckC/E3/ZNcU92NaQ=="],

    "@octokit/auth-oauth-device/@octokit/types": ["@octokit/types@15.0.0", "", { "dependencies": { "@octokit/openapi-types": "^26.0.0" } }, "sha512-8o6yDfmoGJUIeR9OfYU0/TUJTnMPG2r68+1yEdUeG2Fdqpj8Qetg0ziKIgcBm0RW/j29H41WP37CYCEhp6GoHQ=="],

    "@octokit/auth-oauth-user/@octokit/request": ["@octokit/request@10.0.5", "", { "dependencies": { "@octokit/endpoint": "^11.0.1", "@octokit/request-error": "^7.0.1", "@octokit/types": "^15.0.0", "fast-content-type-parse": "^3.0.0", "universal-user-agent": "^7.0.2" } }, "sha512-TXnouHIYLtgDhKo+N6mXATnDBkV05VwbR0TtMWpgTHIoQdRQfCSzmy/LGqR1AbRMbijq/EckC/E3/ZNcU92NaQ=="],

    "@octokit/auth-oauth-user/@octokit/types": ["@octokit/types@15.0.0", "", { "dependencies": { "@octokit/openapi-types": "^26.0.0" } }, "sha512-8o6yDfmoGJUIeR9OfYU0/TUJTnMPG2r68+1yEdUeG2Fdqpj8Qetg0ziKIgcBm0RW/j29H41WP37CYCEhp6GoHQ=="],

    "@octokit/oauth-app/@octokit/auth-unauthenticated": ["@octokit/auth-unauthenticated@7.0.2", "", { "dependencies": { "@octokit/request-error": "^7.0.1", "@octokit/types": "^15.0.0" } }, "sha512-vjcPRP1xsKWdYKiyKmHkLFCxeH4QvVTv05VJlZxwNToslBFcHRJlsWRaoI2+2JGCf9tIM99x8cN0b1rlAHJiQw=="],

    "@octokit/oauth-app/@octokit/core": ["@octokit/core@7.0.5", "", { "dependencies": { "@octokit/auth-token": "^6.0.0", "@octokit/graphql": "^9.0.2", "@octokit/request": "^10.0.4", "@octokit/request-error": "^7.0.1", "@octokit/types": "^15.0.0", "before-after-hook": "^4.0.0", "universal-user-agent": "^7.0.0" } }, "sha512-t54CUOsFMappY1Jbzb7fetWeO0n6K0k/4+/ZpkS+3Joz8I4VcvY9OiEBFRYISqaI2fq5sCiPtAjRDOzVYG8m+Q=="],

    "@octokit/oauth-methods/@octokit/request": ["@octokit/request@10.0.5", "", { "dependencies": { "@octokit/endpoint": "^11.0.1", "@octokit/request-error": "^7.0.1", "@octokit/types": "^15.0.0", "fast-content-type-parse": "^3.0.0", "universal-user-agent": "^7.0.2" } }, "sha512-TXnouHIYLtgDhKo+N6mXATnDBkV05VwbR0TtMWpgTHIoQdRQfCSzmy/LGqR1AbRMbijq/EckC/E3/ZNcU92NaQ=="],

    "@octokit/oauth-methods/@octokit/request-error": ["@octokit/request-error@7.0.1", "", { "dependencies": { "@octokit/types": "^15.0.0" } }, "sha512-CZpFwV4+1uBrxu7Cw8E5NCXDWFNf18MSY23TdxCBgjw1tXXHvTrZVsXlW8hgFTOLw8RQR1BBrMvYRtuyaijHMA=="],

    "@octokit/oauth-methods/@octokit/types": ["@octokit/types@15.0.0", "", { "dependencies": { "@octokit/openapi-types": "^26.0.0" } }, "sha512-8o6yDfmoGJUIeR9OfYU0/TUJTnMPG2r68+1yEdUeG2Fdqpj8Qetg0ziKIgcBm0RW/j29H41WP37CYCEhp6GoHQ=="],

    "@octokit/webhooks/@octokit/request-error": ["@octokit/request-error@7.0.0", "", { "dependencies": { "@octokit/types": "^14.0.0" } }, "sha512-KRA7VTGdVyJlh0cP5Tf94hTiYVVqmt2f3I6mnimmaVz4UG3gQV/k4mDJlJv3X67iX6rmN7gSHCF8ssqeMnmhZg=="],

    "bun-types/@types/node": ["@types/node@24.10.1", "", { "dependencies": { "undici-types": "~7.16.0" } }, "sha512-GNWcUTRBgIRJD5zj+Tq0fKOJ5XZajIiBroOF0yvj2bSU1WvNdYS/dn9UxwsujGW4JX06dnHyjV2y9rRaybH0iQ=="],

    "@octokit/auth-app/@octokit/auth-oauth-app/@octokit/auth-oauth-device": ["@octokit/auth-oauth-device@8.0.3", "", { "dependencies": { "@octokit/oauth-methods": "^6.0.2", "@octokit/request": "^10.0.6", "@octokit/types": "^16.0.0", "universal-user-agent": "^7.0.0" } }, "sha512-zh2W0mKKMh/VWZhSqlaCzY7qFyrgd9oTWmTmHaXnHNeQRCZr/CXy2jCgHo4e4dJVTiuxP5dLa0YM5p5QVhJHbw=="],

    "@octokit/auth-app/@octokit/auth-oauth-user/@octokit/auth-oauth-device": ["@octokit/auth-oauth-device@8.0.3", "", { "dependencies": { "@octokit/oauth-methods": "^6.0.2", "@octokit/request": "^10.0.6", "@octokit/types": "^16.0.0", "universal-user-agent": "^7.0.0" } }, "sha512-zh2W0mKKMh/VWZhSqlaCzY7qFyrgd9oTWmTmHaXnHNeQRCZr/CXy2jCgHo4e4dJVTiuxP5dLa0YM5p5QVhJHbw=="],

    "@octokit/auth-app/@octokit/auth-oauth-user/@octokit/oauth-methods": ["@octokit/oauth-methods@6.0.2", "", { "dependencies": { "@octokit/oauth-authorization-url": "^8.0.0", "@octokit/request": "^10.0.6", "@octokit/request-error": "^7.0.2", "@octokit/types": "^16.0.0" } }, "sha512-HiNOO3MqLxlt5Da5bZbLV8Zarnphi4y9XehrbaFMkcoJ+FL7sMxH/UlUsCVxpddVu4qvNDrBdaTVE2o4ITK8ng=="],

    "@octokit/auth-oauth-app/@octokit/request/@octokit/endpoint": ["@octokit/endpoint@11.0.1", "", { "dependencies": { "@octokit/types": "^15.0.0", "universal-user-agent": "^7.0.2" } }, "sha512-7P1dRAZxuWAOPI7kXfio88trNi/MegQ0IJD3vfgC3b+LZo1Qe6gRJc2v0mz2USWWJOKrB2h5spXCzGbw+fAdqA=="],

    "@octokit/auth-oauth-app/@octokit/request/@octokit/request-error": ["@octokit/request-error@7.0.1", "", { "dependencies": { "@octokit/types": "^15.0.0" } }, "sha512-CZpFwV4+1uBrxu7Cw8E5NCXDWFNf18MSY23TdxCBgjw1tXXHvTrZVsXlW8hgFTOLw8RQR1BBrMvYRtuyaijHMA=="],

    "@octokit/auth-oauth-app/@octokit/types/@octokit/openapi-types": ["@octokit/openapi-types@26.0.0", "", {}, "sha512-7AtcfKtpo77j7Ts73b4OWhOZHTKo/gGY8bB3bNBQz4H+GRSWqx2yvj8TXRsbdTE0eRmYmXOEY66jM7mJ7LzfsA=="],

    "@octokit/auth-oauth-device/@octokit/request/@octokit/endpoint": ["@octokit/endpoint@11.0.1", "", { "dependencies": { "@octokit/types": "^15.0.0", "universal-user-agent": "^7.0.2" } }, "sha512-7P1dRAZxuWAOPI7kXfio88trNi/MegQ0IJD3vfgC3b+LZo1Qe6gRJc2v0mz2USWWJOKrB2h5spXCzGbw+fAdqA=="],

    "@octokit/auth-oauth-device/@octokit/request/@octokit/request-error": ["@octokit/request-error@7.0.1", "", { "dependencies": { "@octokit/types": "^15.0.0" } }, "sha512-CZpFwV4+1uBrxu7Cw8E5NCXDWFNf18MSY23TdxCBgjw1tXXHvTrZVsXlW8hgFTOLw8RQR1BBrMvYRtuyaijHMA=="],

    "@octokit/auth-oauth-device/@octokit/types/@octokit/openapi-types": ["@octokit/openapi-types@26.0.0", "", {}, "sha512-7AtcfKtpo77j7Ts73b4OWhOZHTKo/gGY8bB3bNBQz4H+GRSWqx2yvj8TXRsbdTE0eRmYmXOEY66jM7mJ7LzfsA=="],

    "@octokit/auth-oauth-user/@octokit/request/@octokit/endpoint": ["@octokit/endpoint@11.0.1", "", { "dependencies": { "@octokit/types": "^15.0.0", "universal-user-agent": "^7.0.2" } }, "sha512-7P1dRAZxuWAOPI7kXfio88trNi/MegQ0IJD3vfgC3b+LZo1Qe6gRJc2v0mz2USWWJOKrB2h5spXCzGbw+fAdqA=="],

    "@octokit/auth-oauth-user/@octokit/request/@octokit/request-error": ["@octokit/request-error@7.0.1", "", { "dependencies": { "@octokit/types": "^15.0.0" } }, "sha512-CZpFwV4+1uBrxu7Cw8E5NCXDWFNf18MSY23TdxCBgjw1tXXHvTrZVsXlW8hgFTOLw8RQR1BBrMvYRtuyaijHMA=="],

    "@octokit/auth-oauth-user/@octokit/types/@octokit/openapi-types": ["@octokit/openapi-types@26.0.0", "", {}, "sha512-7AtcfKtpo77j7Ts73b4OWhOZHTKo/gGY8bB3bNBQz4H+GRSWqx2yvj8TXRsbdTE0eRmYmXOEY66jM7mJ7LzfsA=="],

    "@octokit/oauth-app/@octokit/auth-unauthenticated/@octokit/request-error": ["@octokit/request-error@7.0.1", "", { "dependencies": { "@octokit/types": "^15.0.0" } }, "sha512-CZpFwV4+1uBrxu7Cw8E5NCXDWFNf18MSY23TdxCBgjw1tXXHvTrZVsXlW8hgFTOLw8RQR1BBrMvYRtuyaijHMA=="],

    "@octokit/oauth-app/@octokit/auth-unauthenticated/@octokit/types": ["@octokit/types@15.0.0", "", { "dependencies": { "@octokit/openapi-types": "^26.0.0" } }, "sha512-8o6yDfmoGJUIeR9OfYU0/TUJTnMPG2r68+1yEdUeG2Fdqpj8Qetg0ziKIgcBm0RW/j29H41WP37CYCEhp6GoHQ=="],

    "@octokit/oauth-app/@octokit/core/@octokit/graphql": ["@octokit/graphql@9.0.2", "", { "dependencies": { "@octokit/request": "^10.0.4", "@octokit/types": "^15.0.0", "universal-user-agent": "^7.0.0" } }, "sha512-iz6KzZ7u95Fzy9Nt2L8cG88lGRMr/qy1Q36ih/XVzMIlPDMYwaNLE/ENhqmIzgPrlNWiYJkwmveEetvxAgFBJw=="],

    "@octokit/oauth-app/@octokit/core/@octokit/request": ["@octokit/request@10.0.5", "", { "dependencies": { "@octokit/endpoint": "^11.0.1", "@octokit/request-error": "^7.0.1", "@octokit/types": "^15.0.0", "fast-content-type-parse": "^3.0.0", "universal-user-agent": "^7.0.2" } }, "sha512-TXnouHIYLtgDhKo+N6mXATnDBkV05VwbR0TtMWpgTHIoQdRQfCSzmy/LGqR1AbRMbijq/EckC/E3/ZNcU92NaQ=="],

    "@octokit/oauth-app/@octokit/core/@octokit/request-error": ["@octokit/request-error@7.0.1", "", { "dependencies": { "@octokit/types": "^15.0.0" } }, "sha512-CZpFwV4+1uBrxu7Cw8E5NCXDWFNf18MSY23TdxCBgjw1tXXHvTrZVsXlW8hgFTOLw8RQR1BBrMvYRtuyaijHMA=="],

    "@octokit/oauth-app/@octokit/core/@octokit/types": ["@octokit/types@15.0.0", "", { "dependencies": { "@octokit/openapi-types": "^26.0.0" } }, "sha512-8o6yDfmoGJUIeR9OfYU0/TUJTnMPG2r68+1yEdUeG2Fdqpj8Qetg0ziKIgcBm0RW/j29H41WP37CYCEhp6GoHQ=="],

    "@octokit/oauth-methods/@octokit/request/@octokit/endpoint": ["@octokit/endpoint@11.0.1", "", { "dependencies": { "@octokit/types": "^15.0.0", "universal-user-agent": "^7.0.2" } }, "sha512-7P1dRAZxuWAOPI7kXfio88trNi/MegQ0IJD3vfgC3b+LZo1Qe6gRJc2v0mz2USWWJOKrB2h5spXCzGbw+fAdqA=="],

    "@octokit/oauth-methods/@octokit/types/@octokit/openapi-types": ["@octokit/openapi-types@26.0.0", "", {}, "sha512-7AtcfKtpo77j7Ts73b4OWhOZHTKo/gGY8bB3bNBQz4H+GRSWqx2yvj8TXRsbdTE0eRmYmXOEY66jM7mJ7LzfsA=="],

    "@octokit/webhooks/@octokit/request-error/@octokit/types": ["@octokit/types@14.1.0", "", { "dependencies": { "@octokit/openapi-types": "^25.1.0" } }, "sha512-1y6DgTy8Jomcpu33N+p5w58l6xyt55Ar2I91RPiIA0xCJBXyUAhXCcmZaDWSANiha7R9a6qJJ2CRomGPZ6f46g=="],

    "@octokit/auth-app/@octokit/auth-oauth-app/@octokit/auth-oauth-device/@octokit/oauth-methods": ["@octokit/oauth-methods@6.0.2", "", { "dependencies": { "@octokit/oauth-authorization-url": "^8.0.0", "@octokit/request": "^10.0.6", "@octokit/request-error": "^7.0.2", "@octokit/types": "^16.0.0" } }, "sha512-HiNOO3MqLxlt5Da5bZbLV8Zarnphi4y9XehrbaFMkcoJ+FL7sMxH/UlUsCVxpddVu4qvNDrBdaTVE2o4ITK8ng=="],

    "@octokit/oauth-app/@octokit/auth-unauthenticated/@octokit/types/@octokit/openapi-types": ["@octokit/openapi-types@26.0.0", "", {}, "sha512-7AtcfKtpo77j7Ts73b4OWhOZHTKo/gGY8bB3bNBQz4H+GRSWqx2yvj8TXRsbdTE0eRmYmXOEY66jM7mJ7LzfsA=="],

    "@octokit/oauth-app/@octokit/core/@octokit/request/@octokit/endpoint": ["@octokit/endpoint@11.0.1", "", { "dependencies": { "@octokit/types": "^15.0.0", "universal-user-agent": "^7.0.2" } }, "sha512-7P1dRAZxuWAOPI7kXfio88trNi/MegQ0IJD3vfgC3b+LZo1Qe6gRJc2v0mz2USWWJOKrB2h5spXCzGbw+fAdqA=="],

    "@octokit/oauth-app/@octokit/core/@octokit/types/@octokit/openapi-types": ["@octokit/openapi-types@26.0.0", "", {}, "sha512-7AtcfKtpo77j7Ts73b4OWhOZHTKo/gGY8bB3bNBQz4H+GRSWqx2yvj8TXRsbdTE0eRmYmXOEY66jM7mJ7LzfsA=="],

    "@octokit/webhooks/@octokit/request-error/@octokit/types/@octokit/openapi-types": ["@octokit/openapi-types@25.1.0", "", {}, "sha512-idsIggNXUKkk0+BExUn1dQ92sfysJrje03Q0bv0e+KPLrvyqZF8MnBpFz8UNfYDwB3Ie7Z0TByjWfzxt7vseaA=="],
  }
}
