{
  "lockfileVersion": 1,
  "workspaces": {
    "": {
      "name": "anthelion",
      "dependencies": {
        "@std/fs": "npm:@jsr/std__fs@^1.0.19",
        "@std/semver": "npm:@jsr/std__semver@^1.0.5",
        "ansis": "^4.2.0",
        "dot-prop": "^10.0.0",
        "es-toolkit": "^1.39.10",
        "ky": "^1.11.0",
        "octokit": "^5.0.3",
        "temporal-polyfill": "^0.3.0",
        "zod": "^4.1.11",
      },
      "devDependencies": {
        "@types/bun": "^1.2.23",
        "@types/node": "^24.6.0",
        "oxlint": "^1.19.0",
        "oxlint-tsgolint": "^0.2.0",
        "prettier": "^3.6.2",
        "typescript": "^5.9.3",
      },
    },
  },
  "packages": {
    "@jsr/std__internal": ["@jsr/std__internal@1.0.10", "https://npm.jsr.io/~/11/@jsr/std__internal/1.0.10.tgz", {}, "sha512-fmD6yKep/sMnB2yPQU/REZG7Z4N9SZwcUBNnceo4QkXk67l3JEfxHoROQ/YHeVSOmq6x55Ra6nuMjz2ib3nj3g=="],

    "@jsr/std__path": ["@jsr/std__path@1.1.2", "https://npm.jsr.io/~/11/@jsr/std__path/1.1.2.tgz", { "dependencies": { "@jsr/std__internal": "^1.0.10" } }, "sha512-5hkOR1s5M7am02Bn9KS+SNMNwUSivz7t7/w2HBhFIfO7Eh8+mWilaZ+1tdanV9aaSHr4c99Zo4Da+cCSuzUOdA=="],

    "@octokit/app": ["@octokit/app@16.1.0", "", { "dependencies": { "@octokit/auth-app": "^8.1.0", "@octokit/auth-unauthenticated": "^7.0.1", "@octokit/core": "^7.0.2", "@octokit/oauth-app": "^8.0.1", "@octokit/plugin-paginate-rest": "^13.0.0", "@octokit/types": "^14.0.0", "@octokit/webhooks": "^14.0.0" } }, "sha512-OdKHnm0CYLk8Setr47CATT4YnRTvWkpTYvE+B/l2B0mjszlfOIit3wqPHVslD2jfc1bD4UbO7Mzh6gjCuMZKsA=="],

    "@octokit/auth-app": ["@octokit/auth-app@8.1.0", "", { "dependencies": { "@octokit/auth-oauth-app": "^9.0.1", "@octokit/auth-oauth-user": "^6.0.0", "@octokit/request": "^10.0.2", "@octokit/request-error": "^7.0.0", "@octokit/types": "^14.0.0", "toad-cache": "^3.7.0", "universal-github-app-jwt": "^2.2.0", "universal-user-agent": "^7.0.0" } }, "sha512-6bWhyvLXqCSfHiqlwzn9pScLZ+Qnvh/681GR/UEEPCMIVwfpRDBw0cCzy3/t2Dq8B7W2X/8pBgmw6MOiyE0DXQ=="],

    "@octokit/auth-oauth-app": ["@octokit/auth-oauth-app@9.0.1", "", { "dependencies": { "@octokit/auth-oauth-device": "^8.0.1", "@octokit/auth-oauth-user": "^6.0.0", "@octokit/request": "^10.0.2", "@octokit/types": "^14.0.0", "universal-user-agent": "^7.0.0" } }, "sha512-TthWzYxuHKLAbmxdFZwFlmwVyvynpyPmjwc+2/cI3cvbT7mHtsAW9b1LvQaNnAuWL+pFnqtxdmrU8QpF633i1g=="],

    "@octokit/auth-oauth-device": ["@octokit/auth-oauth-device@8.0.1", "", { "dependencies": { "@octokit/oauth-methods": "^6.0.0", "@octokit/request": "^10.0.2", "@octokit/types": "^14.0.0", "universal-user-agent": "^7.0.0" } }, "sha512-TOqId/+am5yk9zor0RGibmlqn4V0h8vzjxlw/wYr3qzkQxl8aBPur384D1EyHtqvfz0syeXji4OUvKkHvxk/Gw=="],

    "@octokit/auth-oauth-user": ["@octokit/auth-oauth-user@6.0.0", "", { "dependencies": { "@octokit/auth-oauth-device": "^8.0.1", "@octokit/oauth-methods": "^6.0.0", "@octokit/request": "^10.0.2", "@octokit/types": "^14.0.0", "universal-user-agent": "^7.0.0" } }, "sha512-GV9IW134PHsLhtUad21WIeP9mlJ+QNpFd6V9vuPWmaiN25HEJeEQUcS4y5oRuqCm9iWDLtfIs+9K8uczBXKr6A=="],

    "@octokit/auth-token": ["@octokit/auth-token@6.0.0", "", {}, "sha512-P4YJBPdPSpWTQ1NU4XYdvHvXJJDxM6YwpS0FZHRgP7YFkdVxsWcpWGy/NVqlAA7PcPCnMacXlRm1y2PFZRWL/w=="],

    "@octokit/auth-unauthenticated": ["@octokit/auth-unauthenticated@7.0.1", "", { "dependencies": { "@octokit/request-error": "^7.0.0", "@octokit/types": "^14.0.0" } }, "sha512-qVq1vdjLLZdE8kH2vDycNNjuJRCD1q2oet1nA/GXWaYlpDxlR7rdVhX/K/oszXslXiQIiqrQf+rdhDlA99JdTQ=="],

    "@octokit/core": ["@octokit/core@7.0.4", "", { "dependencies": { "@octokit/auth-token": "^6.0.0", "@octokit/graphql": "^9.0.1", "@octokit/request": "^10.0.2", "@octokit/request-error": "^7.0.0", "@octokit/types": "^15.0.0", "before-after-hook": "^4.0.0", "universal-user-agent": "^7.0.0" } }, "sha512-jOT8V1Ba5BdC79sKrRWDdMT5l1R+XNHTPR6CPWzUP2EcfAcvIHZWF0eAbmRcpOOP5gVIwnqNg0C4nvh6Abc3OA=="],

    "@octokit/endpoint": ["@octokit/endpoint@11.0.0", "", { "dependencies": { "@octokit/types": "^14.0.0", "universal-user-agent": "^7.0.2" } }, "sha512-hoYicJZaqISMAI3JfaDr1qMNi48OctWuOih1m80bkYow/ayPw6Jj52tqWJ6GEoFTk1gBqfanSoI1iY99Z5+ekQ=="],

    "@octokit/graphql": ["@octokit/graphql@9.0.1", "", { "dependencies": { "@octokit/request": "^10.0.2", "@octokit/types": "^14.0.0", "universal-user-agent": "^7.0.0" } }, "sha512-j1nQNU1ZxNFx2ZtKmL4sMrs4egy5h65OMDmSbVyuCzjOcwsHq6EaYjOTGXPQxgfiN8dJ4CriYHk6zF050WEULg=="],

    "@octokit/oauth-app": ["@octokit/oauth-app@8.0.1", "", { "dependencies": { "@octokit/auth-oauth-app": "^9.0.1", "@octokit/auth-oauth-user": "^6.0.0", "@octokit/auth-unauthenticated": "^7.0.1", "@octokit/core": "^7.0.2", "@octokit/oauth-authorization-url": "^8.0.0", "@octokit/oauth-methods": "^6.0.0", "@types/aws-lambda": "^8.10.83", "universal-user-agent": "^7.0.0" } }, "sha512-QnhMYEQpnYbEPn9cae+wXL2LuPMFglmfeuDJXXsyxIXdoORwkLK8y0cHhd/5du9MbO/zdG/BXixzB7EEwU63eQ=="],

    "@octokit/oauth-authorization-url": ["@octokit/oauth-authorization-url@8.0.0", "", {}, "sha512-7QoLPRh/ssEA/HuHBHdVdSgF8xNLz/Bc5m9fZkArJE5bb6NmVkDm3anKxXPmN1zh6b5WKZPRr3697xKT/yM3qQ=="],

    "@octokit/oauth-methods": ["@octokit/oauth-methods@6.0.0", "", { "dependencies": { "@octokit/oauth-authorization-url": "^8.0.0", "@octokit/request": "^10.0.2", "@octokit/request-error": "^7.0.0", "@octokit/types": "^14.0.0" } }, "sha512-Q8nFIagNLIZgM2odAraelMcDssapc+lF+y3OlcIPxyAU+knefO8KmozGqfnma1xegRDP4z5M73ABsamn72bOcA=="],

    "@octokit/openapi-types": ["@octokit/openapi-types@25.1.0", "", {}, "sha512-idsIggNXUKkk0+BExUn1dQ92sfysJrje03Q0bv0e+KPLrvyqZF8MnBpFz8UNfYDwB3Ie7Z0TByjWfzxt7vseaA=="],

    "@octokit/openapi-webhooks-types": ["@octokit/openapi-webhooks-types@12.0.3", "", {}, "sha512-90MF5LVHjBedwoHyJsgmaFhEN1uzXyBDRLEBe7jlTYx/fEhPAk3P3DAJsfZwC54m8hAIryosJOL+UuZHB3K3yA=="],

    "@octokit/plugin-paginate-graphql": ["@octokit/plugin-paginate-graphql@6.0.0", "", { "peerDependencies": { "@octokit/core": ">=6" } }, "sha512-crfpnIoFiBtRkvPqOyLOsw12XsveYuY2ieP6uYDosoUegBJpSVxGwut9sxUgFFcll3VTOTqpUf8yGd8x1OmAkQ=="],

    "@octokit/plugin-paginate-rest": ["@octokit/plugin-paginate-rest@13.1.1", "", { "dependencies": { "@octokit/types": "^14.1.0" }, "peerDependencies": { "@octokit/core": ">=6" } }, "sha512-q9iQGlZlxAVNRN2jDNskJW/Cafy7/XE52wjZ5TTvyhyOD904Cvx//DNyoO3J/MXJ0ve3rPoNWKEg5iZrisQSuw=="],

    "@octokit/plugin-rest-endpoint-methods": ["@octokit/plugin-rest-endpoint-methods@16.1.0", "", { "dependencies": { "@octokit/types": "^15.0.0" }, "peerDependencies": { "@octokit/core": ">=6" } }, "sha512-nCsyiKoGRnhH5LkH8hJEZb9swpqOcsW+VXv1QoyUNQXJeVODG4+xM6UICEqyqe9XFr6LkL8BIiFCPev8zMDXPw=="],

    "@octokit/plugin-retry": ["@octokit/plugin-retry@8.0.1", "", { "dependencies": { "@octokit/request-error": "^7.0.0", "@octokit/types": "^14.0.0", "bottleneck": "^2.15.3" }, "peerDependencies": { "@octokit/core": ">=7" } }, "sha512-KUoYR77BjF5O3zcwDQHRRZsUvJwepobeqiSSdCJ8lWt27FZExzb0GgVxrhhfuyF6z2B2zpO0hN5pteni1sqWiw=="],

    "@octokit/plugin-throttling": ["@octokit/plugin-throttling@11.0.1", "", { "dependencies": { "@octokit/types": "^14.0.0", "bottleneck": "^2.15.3" }, "peerDependencies": { "@octokit/core": "^7.0.0" } }, "sha512-S+EVhy52D/272L7up58dr3FNSMXWuNZolkL4zMJBNIfIxyZuUcczsQAU4b5w6dewJXnKYVgSHSV5wxitMSW1kw=="],

    "@octokit/request": ["@octokit/request@10.0.3", "", { "dependencies": { "@octokit/endpoint": "^11.0.0", "@octokit/request-error": "^7.0.0", "@octokit/types": "^14.0.0", "fast-content-type-parse": "^3.0.0", "universal-user-agent": "^7.0.2" } }, "sha512-V6jhKokg35vk098iBqp2FBKunk3kMTXlmq+PtbV9Gl3TfskWlebSofU9uunVKhUN7xl+0+i5vt0TGTG8/p/7HA=="],

    "@octokit/request-error": ["@octokit/request-error@7.0.0", "", { "dependencies": { "@octokit/types": "^14.0.0" } }, "sha512-KRA7VTGdVyJlh0cP5Tf94hTiYVVqmt2f3I6mnimmaVz4UG3gQV/k4mDJlJv3X67iX6rmN7gSHCF8ssqeMnmhZg=="],

    "@octokit/types": ["@octokit/types@14.1.0", "", { "dependencies": { "@octokit/openapi-types": "^25.1.0" } }, "sha512-1y6DgTy8Jomcpu33N+p5w58l6xyt55Ar2I91RPiIA0xCJBXyUAhXCcmZaDWSANiha7R9a6qJJ2CRomGPZ6f46g=="],

    "@octokit/webhooks": ["@octokit/webhooks@14.1.3", "", { "dependencies": { "@octokit/openapi-webhooks-types": "12.0.3", "@octokit/request-error": "^7.0.0", "@octokit/webhooks-methods": "^6.0.0" } }, "sha512-gcK4FNaROM9NjA0mvyfXl0KPusk7a1BeA8ITlYEZVQCXF5gcETTd4yhAU0Kjzd8mXwYHppzJBWgdBVpIR9wUcQ=="],

    "@octokit/webhooks-methods": ["@octokit/webhooks-methods@6.0.0", "", {}, "sha512-MFlzzoDJVw/GcbfzVC1RLR36QqkTLUf79vLVO3D+xn7r0QgxnFoLZgtrzxiQErAjFUOdH6fas2KeQJ1yr/qaXQ=="],

    "@oxlint-tsgolint/darwin-arm64": ["@oxlint-tsgolint/darwin-arm64@0.2.0", "", { "os": "darwin", "cpu": "arm64" }, "sha512-ayJO9SmiJ15oV3+svIw8bqun0ySdjiD7L+ddwNB4vOAgUX/rdX1KTBnDb/ZEk6MOFBnFgbbiEiLRJLlGtuFYVQ=="],

    "@oxlint-tsgolint/darwin-x64": ["@oxlint-tsgolint/darwin-x64@0.2.0", "", { "os": "darwin", "cpu": "x64" }, "sha512-iCrcjkqqyy3zq+yXOmNsjt/DiSU4u9yJ00hEr4oGSrrk7V0ju6eqrmsh8VGS74YLY3MCskTjeTyVDRR7huc3WQ=="],

    "@oxlint-tsgolint/linux-arm64": ["@oxlint-tsgolint/linux-arm64@0.2.0", "", { "os": "linux", "cpu": "arm64" }, "sha512-Kne4mrJGCZ0O+/ukcvWftCmDAEFUpMQ4q4wZdWVlnmNdTbtICIay3ofk/rzX0QoZmEZh0jy/G7p+5P0t9Bg5Sg=="],

    "@oxlint-tsgolint/linux-x64": ["@oxlint-tsgolint/linux-x64@0.2.0", "", { "os": "linux", "cpu": "x64" }, "sha512-DKGFSR71fnExWpJXvN32SqWuEcT1XXeI1CKpO63jgXTAUpVl9H/BXG3+gNptSoZqzqeFTj8jOgiaX6VkOABqGA=="],

    "@oxlint-tsgolint/win32-arm64": ["@oxlint-tsgolint/win32-arm64@0.2.0", "", { "os": "win32", "cpu": "arm64" }, "sha512-Grbkva1YH0eTRtv3MkVTFAycVwQSytcl8N52zNs1YresWwOlnNvNZ5EeLIaQaudcxwsbpZWR2Bdsfa467zDJTw=="],

    "@oxlint-tsgolint/win32-x64": ["@oxlint-tsgolint/win32-x64@0.2.0", "", { "os": "win32", "cpu": "x64" }, "sha512-asfPqgu7r1H8NmBNxfMpZER6WvrUTH8BDMPIcChBhrUjuSmt4UMyiyul3CEPZLPQcPlaWCeGnConTu3BabK4Fw=="],

    "@oxlint/darwin-arm64": ["@oxlint/darwin-arm64@1.19.0", "", { "os": "darwin", "cpu": "arm64" }, "sha512-dSozp6FXowhFEjmT0FC/iBWj9KziWfixxaYT367kOXZUyA0hvOzsLsBB780Swr40zvqklUR0d3fbZbziGHRJoQ=="],

    "@oxlint/darwin-x64": ["@oxlint/darwin-x64@1.19.0", "", { "os": "darwin", "cpu": "x64" }, "sha512-3OY1km70zTlH6b8K8AHSuaEaa4sntmAcBugMZBaJmHkioia7zxlAQV9xtQ2wsBSDQbBmcf1j5Y0NcHP7fmIZvA=="],

    "@oxlint/linux-arm64-gnu": ["@oxlint/linux-arm64-gnu@1.19.0", "", { "os": "linux", "cpu": "arm64" }, "sha512-TS9wmx9B/v1f/bNXu3lIEcdNIyS0m0H0+95YIWSTGG3q2cK3FVlyUiiAieZRUzXTN89n6JXtua6dK/TVCqbmkQ=="],

    "@oxlint/linux-arm64-musl": ["@oxlint/linux-arm64-musl@1.19.0", "", { "os": "linux", "cpu": "arm64" }, "sha512-o5RAxQfVEu7LsBUwSjEDNdM8sla8WlLMRULsTP3vgxyy1eLJxo2u+4McKtM9/P2KiZQw3NylDoaxU4Z4j/XeRQ=="],

    "@oxlint/linux-x64-gnu": ["@oxlint/linux-x64-gnu@1.19.0", "", { "os": "linux", "cpu": "x64" }, "sha512-QDgAP4TxXsupFEsEGYnaAaKXQQD1lJSi5Htl/b0Vl2xPz8BVBRH+bNDwVGEHVTxT7jdnO2gTEOmfEzOkRJprUQ=="],

    "@oxlint/linux-x64-musl": ["@oxlint/linux-x64-musl@1.19.0", "", { "os": "linux", "cpu": "x64" }, "sha512-iOQooyYzy7RR2yHNM8oHd2Zw6CdU7/G2Uf5ryFi/cF5NV5zlSH//QSkWwrk/kLF69wKqwE8S8snV7WnRA/tXjA=="],

    "@oxlint/win32-arm64": ["@oxlint/win32-arm64@1.19.0", "", { "os": "win32", "cpu": "arm64" }, "sha512-bvgA2fGpdBF/DpB5hZYQzx5fFFiiHxIiPF5zp24czvsIRkezVi9ZH04lCIVkMBxgvKhnU2jLXAn6E1Mbo4QrFw=="],

    "@oxlint/win32-x64": ["@oxlint/win32-x64@1.19.0", "", { "os": "win32", "cpu": "x64" }, "sha512-PloVn/e1kfMsiH0urM4XIhiY0TdqDjwJlzeX8pIKDmxUsKHsjcU8fmddsZSt7K16C2nR3SQVoso2AIR00mRieA=="],

    "@std/fs": ["@jsr/std__fs@1.0.19", "https://npm.jsr.io/~/11/@jsr/std__fs/1.0.19.tgz", { "dependencies": { "@jsr/std__internal": "^1.0.9", "@jsr/std__path": "^1.1.1" } }, "sha512-TEjyE8g+46jPlu7dJHLrwc8NMGl8zfG+JjWxyNQyDbxP0RtqZ4JmYZfR9vy4RWYWJQbLpw6Kbt2n+K/2zAO/JA=="],

    "@std/semver": ["@jsr/std__semver@1.0.5", "https://npm.jsr.io/~/11/@jsr/std__semver/1.0.5.tgz", {}, "sha512-jPLb9UZN4H61JvQWZfUajE9BXCBHTnZ4G7zuNrSP07kSnsVNlIakZwvt2unEc6MkPSqGy91HinA1H0OKbFVGDw=="],

    "@types/aws-lambda": ["@types/aws-lambda@8.10.152", "", {}, "sha512-soT/c2gYBnT5ygwiHPmd9a1bftj462NWVk2tKCc1PYHSIacB2UwbTS2zYG4jzag1mRDuzg/OjtxQjQ2NKRB6Rw=="],

    "@types/bun": ["@types/bun@1.2.23", "", { "dependencies": { "bun-types": "1.2.23" } }, "sha512-le8ueOY5b6VKYf19xT3McVbXqLqmxzPXHsQT/q9JHgikJ2X22wyTW3g3ohz2ZMnp7dod6aduIiq8A14Xyimm0A=="],

    "@types/node": ["@types/node@24.6.0", "", { "dependencies": { "undici-types": "~7.13.0" } }, "sha512-F1CBxgqwOMc4GKJ7eY22hWhBVQuMYTtqI8L0FcszYcpYX0fzfDGpez22Xau8Mgm7O9fI+zA/TYIdq3tGWfweBA=="],

    "@types/react": ["@types/react@19.1.13", "", { "dependencies": { "csstype": "^3.0.2" } }, "sha512-hHkbU/eoO3EG5/MZkuFSKmYqPbSVk5byPFa3e7y/8TybHiLMACgI8seVYlicwk7H5K/rI2px9xrQp/C+AUDTiQ=="],

    "ansis": ["ansis@4.2.0", "", {}, "sha512-HqZ5rWlFjGiV0tDm3UxxgNRqsOTniqoKZu0pIAfh7TZQMGuZK+hH0drySty0si0QXj1ieop4+SkSfPZBPPkHig=="],

    "before-after-hook": ["before-after-hook@4.0.0", "", {}, "sha512-q6tR3RPqIB1pMiTRMFcZwuG5T8vwp+vUvEG0vuI6B+Rikh5BfPp2fQ82c925FOs+b0lcFQ8CFrL+KbilfZFhOQ=="],

    "bottleneck": ["bottleneck@2.19.5", "", {}, "sha512-VHiNCbI1lKdl44tGrhNfU3lup0Tj/ZBMJB5/2ZbNXRCPuRCO7ed2mgcK4r17y+KB2EfuYuRaVlwNbAeaWGSpbw=="],

    "bun-types": ["bun-types@1.2.23", "", { "dependencies": { "@types/node": "*" }, "peerDependencies": { "@types/react": "^19" } }, "sha512-R9f0hKAZXgFU3mlrA0YpE/fiDvwV0FT9rORApt2aQVWSuJDzZOyB5QLc0N/4HF57CS8IXJ6+L5E4W1bW6NS2Aw=="],

    "csstype": ["csstype@3.1.3", "", {}, "sha512-M1uQkMl8rQK/szD0LNhtqxIPLpimGm8sOBwU7lLnCpSbTyY3yeU1Vc7l4KT5zT4s/yOxHH5O7tIuuLOCnLADRw=="],

    "dot-prop": ["dot-prop@10.0.0", "", { "dependencies": { "type-fest": "^5.0.0" } }, "sha512-s7RhKKTxc+GiZkfewpLsuWpPeCPe0patP9G/qRJ2VN/BWA+Ydq65K2Pfse234zjGszTVJCzPLze54vD8eyE8NQ=="],

    "es-toolkit": ["es-toolkit@1.39.10", "", {}, "sha512-E0iGnTtbDhkeczB0T+mxmoVlT4YNweEKBLq7oaU4p11mecdsZpNWOglI4895Vh4usbQ+LsJiuLuI2L0Vdmfm2w=="],

    "fast-content-type-parse": ["fast-content-type-parse@3.0.0", "", {}, "sha512-ZvLdcY8P+N8mGQJahJV5G4U88CSvT1rP8ApL6uETe88MBXrBHAkZlSEySdUlyztF7ccb+Znos3TFqaepHxdhBg=="],

    "ky": ["ky@1.11.0", "", {}, "sha512-NEyo0ICpS0cqSuyoJFMCnHOZJILqXsKhIZlHJGDYaH8OB5IFrGzuBpEwyoMZG6gUKMPrazH30Ax5XKaujvD8ag=="],

    "octokit": ["octokit@5.0.3", "", { "dependencies": { "@octokit/app": "^16.0.1", "@octokit/core": "^7.0.2", "@octokit/oauth-app": "^8.0.1", "@octokit/plugin-paginate-graphql": "^6.0.0", "@octokit/plugin-paginate-rest": "^13.0.0", "@octokit/plugin-rest-endpoint-methods": "^16.0.0", "@octokit/plugin-retry": "^8.0.1", "@octokit/plugin-throttling": "^11.0.1", "@octokit/request-error": "^7.0.0", "@octokit/types": "^14.0.0", "@octokit/webhooks": "^14.0.0" } }, "sha512-+bwYsAIRmYv30NTmBysPIlgH23ekVDriB07oRxlPIAH5PI0yTMSxg5i5Xy0OetcnZw+nk/caD4szD7a9YZ3QyQ=="],

    "oxlint": ["oxlint@1.19.0", "", { "optionalDependencies": { "@oxlint/darwin-arm64": "1.19.0", "@oxlint/darwin-x64": "1.19.0", "@oxlint/linux-arm64-gnu": "1.19.0", "@oxlint/linux-arm64-musl": "1.19.0", "@oxlint/linux-x64-gnu": "1.19.0", "@oxlint/linux-x64-musl": "1.19.0", "@oxlint/win32-arm64": "1.19.0", "@oxlint/win32-x64": "1.19.0" }, "peerDependencies": { "oxlint-tsgolint": ">=0.2.0" }, "optionalPeers": ["oxlint-tsgolint"], "bin": { "oxlint": "bin/oxlint", "oxc_language_server": "bin/oxc_language_server" } }, "sha512-MGeclRJFKaROXcPKMHOuJpOhbC4qkbLeZqSlelQioV/5YeBk/qVYZafUUpVO/yQ28Pld3srsTQusFtPNkVuvNA=="],

    "oxlint-tsgolint": ["oxlint-tsgolint@0.2.0", "", { "optionalDependencies": { "@oxlint-tsgolint/darwin-arm64": "0.2.0", "@oxlint-tsgolint/darwin-x64": "0.2.0", "@oxlint-tsgolint/linux-arm64": "0.2.0", "@oxlint-tsgolint/linux-x64": "0.2.0", "@oxlint-tsgolint/win32-arm64": "0.2.0", "@oxlint-tsgolint/win32-x64": "0.2.0" }, "bin": { "tsgolint": "bin/tsgolint.js" } }, "sha512-37Hy+FT1sz8hHUo31JIgFDA8NcFndexrg5okutWRPXNejJwB9hKN+pyInaQQIv4XDsgNcQsSR2VJoq99eaGk9g=="],

    "prettier": ["prettier@3.6.2", "", { "bin": { "prettier": "bin/prettier.cjs" } }, "sha512-I7AIg5boAr5R0FFtJ6rCfD+LFsWHp81dolrFD8S79U9tb8Az2nGrJncnMSnys+bpQJfRUzqs9hnA81OAA3hCuQ=="],

    "tagged-tag": ["tagged-tag@1.0.0", "", {}, "sha512-yEFYrVhod+hdNyx7g5Bnkkb0G6si8HJurOoOEgC8B/O0uXLHlaey/65KRv6cuWBNhBgHKAROVpc7QyYqE5gFng=="],

    "temporal-polyfill": ["temporal-polyfill@0.3.0", "", { "dependencies": { "temporal-spec": "0.3.0" } }, "sha512-qNsTkX9K8hi+FHDfHmf22e/OGuXmfBm9RqNismxBrnSmZVJKegQ+HYYXT+R7Ha8F/YSm2Y34vmzD4cxMu2u95g=="],

    "temporal-spec": ["temporal-spec@0.3.0", "", {}, "sha512-n+noVpIqz4hYgFSMOSiINNOUOMFtV5cZQNCmmszA6GiVFVRt3G7AqVyhXjhCSmowvQn+NsGn+jMDMKJYHd3bSQ=="],

    "toad-cache": ["toad-cache@3.7.0", "", {}, "sha512-/m8M+2BJUpoJdgAHoG+baCwBT+tf2VraSfkBgl0Y00qIWt41DJ8R5B8nsEw0I58YwF5IZH6z24/2TobDKnqSWw=="],

    "type-fest": ["type-fest@5.0.0", "", { "dependencies": { "tagged-tag": "^1.0.0" } }, "sha512-GeJop7+u7BYlQ6yQCAY1nBQiRSHR+6OdCEtd8Bwp9a3NK3+fWAVjOaPKJDteB9f6cIJ0wt4IfnScjLG450EpXA=="],

    "typescript": ["typescript@5.9.3", "", { "bin": { "tsc": "bin/tsc", "tsserver": "bin/tsserver" } }, "sha512-jl1vZzPDinLr9eUt3J/t7V6FgNEw9QjvBPdysz9KfQDD41fQrC2Y4vKQdiaUpFT4bXlb1RHhLpp8wtm6M5TgSw=="],

    "undici-types": ["undici-types@7.13.0", "", {}, "sha512-Ov2Rr9Sx+fRgagJ5AX0qvItZG/JKKoBRAVITs1zk7IqZGTJUwgUr7qoYBpWwakpWilTZFM98rG/AFRocu10iIQ=="],

    "universal-github-app-jwt": ["universal-github-app-jwt@2.2.2", "", {}, "sha512-dcmbeSrOdTnsjGjUfAlqNDJrhxXizjAz94ija9Qw8YkZ1uu0d+GoZzyH+Jb9tIIqvGsadUfwg+22k5aDqqwzbw=="],

    "universal-user-agent": ["universal-user-agent@7.0.3", "", {}, "sha512-TmnEAEAsBJVZM/AADELsK76llnwcf9vMKuPz8JflO1frO8Lchitr0fNaN9d+Ap0BjKtqWqd/J17qeDnXh8CL2A=="],

    "zod": ["zod@4.1.11", "", {}, "sha512-WPsqwxITS2tzx1bzhIKsEs19ABD5vmCVa4xBo2tq/SrV4RNZtfws1EnCWQXM6yh8bD08a1idvkB5MZSBiZsjwg=="],

    "@octokit/core/@octokit/types": ["@octokit/types@15.0.0", "", { "dependencies": { "@octokit/openapi-types": "^26.0.0" } }, "sha512-8o6yDfmoGJUIeR9OfYU0/TUJTnMPG2r68+1yEdUeG2Fdqpj8Qetg0ziKIgcBm0RW/j29H41WP37CYCEhp6GoHQ=="],

    "@octokit/plugin-rest-endpoint-methods/@octokit/types": ["@octokit/types@15.0.0", "", { "dependencies": { "@octokit/openapi-types": "^26.0.0" } }, "sha512-8o6yDfmoGJUIeR9OfYU0/TUJTnMPG2r68+1yEdUeG2Fdqpj8Qetg0ziKIgcBm0RW/j29H41WP37CYCEhp6GoHQ=="],

    "bun-types/@types/node": ["@types/node@24.5.2", "", { "dependencies": { "undici-types": "~7.12.0" } }, "sha512-FYxk1I7wPv3K2XBaoyH2cTnocQEu8AOZ60hPbsyukMPLv5/5qr7V1i8PLHdl6Zf87I+xZXFvPCXYjiTFq+YSDQ=="],

    "@octokit/core/@octokit/types/@octokit/openapi-types": ["@octokit/openapi-types@26.0.0", "", {}, "sha512-7AtcfKtpo77j7Ts73b4OWhOZHTKo/gGY8bB3bNBQz4H+GRSWqx2yvj8TXRsbdTE0eRmYmXOEY66jM7mJ7LzfsA=="],

    "@octokit/plugin-rest-endpoint-methods/@octokit/types/@octokit/openapi-types": ["@octokit/openapi-types@26.0.0", "", {}, "sha512-7AtcfKtpo77j7Ts73b4OWhOZHTKo/gGY8bB3bNBQz4H+GRSWqx2yvj8TXRsbdTE0eRmYmXOEY66jM7mJ7LzfsA=="],

    "bun-types/@types/node/undici-types": ["undici-types@7.12.0", "", {}, "sha512-goOacqME2GYyOZZfb5Lgtu+1IDmAlAEu5xnD3+xTzS10hT0vzpf0SPjkXwAw9Jm+4n/mQGDP3LO8CPbYROeBfQ=="],
  }
}
